{
  "name": "shell",
  "version": "1.0.0",
  "lockfileVersion": 2,
  "requires": true,
  "packages": {
    "": {
      "name": "shell",
      "version": "1.0.0",
      "license": "ISC",
      "dependencies": {
        "sliver-script": "^1.2.5"
      }
    },
    "node_modules/@grpc/grpc-js": {
      "version": "1.6.8",
      "resolved": "https://registry.npmjs.org/@grpc/grpc-js/-/grpc-js-1.6.8.tgz",
      "integrity": "sha512-Nt5tufF/O5Q310kP0cDzxznWMZW58GCTZhUUiAQ9B0K0ANKNQ4Lj/K9XK0vZg+UBKq5/7z7+8mXHHfrcwoeFJQ==",
      "dependencies": {
        "@grpc/proto-loader": "^0.7.0",
        "@types/node": ">=12.12.47"
      },
      "engines": {
        "node": "^8.13.0 || >=10.10.0"
      }
    },
    "node_modules/@grpc/proto-loader": {
      "version": "0.7.0",
      "resolved": "https://registry.npmjs.org/@grpc/proto-loader/-/proto-loader-0.7.0.tgz",
      "integrity": "sha512-SGPZtVmqOvNfPFOA/nNPn+0Weqa5wubBgQ56+JgTbeLY2VezwtMjwPPFzh0kvQccwWT3a2TXT0ZGK/pJoOTk1A==",
      "dependencies": {
        "@types/long": "^4.0.1",
        "lodash.camelcase": "^4.3.0",
        "long": "^4.0.0",
        "protobufjs": "^7.0.0",
        "yargs": "^16.2.0"
      },
      "bin": {
        "proto-loader-gen-types": "build/bin/proto-loader-gen-types.js"
      },
      "engines": {
        "node": ">=6"
      }
    },
    "node_modules/@grpc/proto-loader/node_modules/protobufjs": {
      "version": "7.0.0",
      "resolved": "https://registry.npmjs.org/protobufjs/-/protobufjs-7.0.0.tgz",
      "integrity": "sha512-ffNIEm+quOcYtQvHdW406v1NQmZSuqVklxsXk076BtuFnlYZfigLU+JOMrTD8TUOyqHYbRI/fSVNvgd25YeN3w==",
      "hasInstallScript": true,
      "dependencies": {
        "@protobufjs/aspromise": "^1.1.2",
        "@protobufjs/base64": "^1.1.2",
        "@protobufjs/codegen": "^2.0.4",
        "@protobufjs/eventemitter": "^1.1.0",
        "@protobufjs/fetch": "^1.1.0",
        "@protobufjs/float": "^1.0.2",
        "@protobufjs/inquire": "^1.1.0",
        "@protobufjs/path": "^1.1.2",
        "@protobufjs/pool": "^1.1.0",
        "@protobufjs/utf8": "^1.1.0",
        "@types/long": "^4.0.1",
        "@types/node": ">=13.7.0",
        "long": "^5.0.0"
      },
      "engines": {
        "node": ">=12.0.0"
      }
    },
    "node_modules/@grpc/proto-loader/node_modules/protobufjs/node_modules/long": {
      "version": "5.2.0",
      "resolved": "https://registry.npmjs.org/long/-/long-5.2.0.tgz",
      "integrity": "sha512-9RTUNjK60eJbx3uz+TEGF7fUr29ZDxR5QzXcyDpeSfeH28S9ycINflOgOlppit5U+4kNTe83KQnMEerw7GmE8w=="
    },
    "node_modules/@improbable-eng/grpc-web": {
      "version": "0.15.0",
      "resolved": "https://registry.npmjs.org/@improbable-eng/grpc-web/-/grpc-web-0.15.0.tgz",
      "integrity": "sha512-ERft9/0/8CmYalqOVnJnpdDry28q+j+nAlFFARdjyxXDJ+Mhgv9+F600QC8BR9ygOfrXRlAk6CvST2j+JCpQPg==",
      "dependencies": {
        "browser-headers": "^0.4.1"
      },
      "peerDependencies": {
        "google-protobuf": "^3.14.0"
      }
    },
    "node_modules/@protobufjs/aspromise": {
      "version": "1.1.2",
      "resolved": "https://registry.npmjs.org/@protobufjs/aspromise/-/aspromise-1.1.2.tgz",
      "integrity": "sha1-m4sMxmPWaafY9vXQiToU00jzD78="
    },
    "node_modules/@protobufjs/base64": {
      "version": "1.1.2",
      "resolved": "https://registry.npmjs.org/@protobufjs/base64/-/base64-1.1.2.tgz",
      "integrity": "sha512-AZkcAA5vnN/v4PDqKyMR5lx7hZttPDgClv83E//FMNhR2TMcLUhfRUBHCmSl0oi9zMgDDqRUJkSxO3wm85+XLg=="
    },
    "node_modules/@protobufjs/codegen": {
      "version": "2.0.4",
      "resolved": "https://registry.npmjs.org/@protobufjs/codegen/-/codegen-2.0.4.tgz",
      "integrity": "sha512-YyFaikqM5sH0ziFZCN3xDC7zeGaB/d0IUb9CATugHWbd1FRFwWwt4ld4OYMPWu5a3Xe01mGAULCdqhMlPl29Jg=="
    },
    "node_modules/@protobufjs/eventemitter": {
      "version": "1.1.0",
      "resolved": "https://registry.npmjs.org/@protobufjs/eventemitter/-/eventemitter-1.1.0.tgz",
      "integrity": "sha1-NVy8mLr61ZePntCV85diHx0Ga3A="
    },
    "node_modules/@protobufjs/fetch": {
      "version": "1.1.0",
      "resolved": "https://registry.npmjs.org/@protobufjs/fetch/-/fetch-1.1.0.tgz",
      "integrity": "sha1-upn7WYYUr2VwDBYZ/wbUVLDYTEU=",
      "dependencies": {
        "@protobufjs/aspromise": "^1.1.1",
        "@protobufjs/inquire": "^1.1.0"
      }
    },
    "node_modules/@protobufjs/float": {
      "version": "1.0.2",
      "resolved": "https://registry.npmjs.org/@protobufjs/float/-/float-1.0.2.tgz",
      "integrity": "sha1-Xp4avctz/Ap8uLKR33jIy9l7h9E="
    },
    "node_modules/@protobufjs/inquire": {
      "version": "1.1.0",
      "resolved": "https://registry.npmjs.org/@protobufjs/inquire/-/inquire-1.1.0.tgz",
      "integrity": "sha1-/yAOPnzyQp4tyvwRQIKOjMY48Ik="
    },
    "node_modules/@protobufjs/path": {
      "version": "1.1.2",
      "resolved": "https://registry.npmjs.org/@protobufjs/path/-/path-1.1.2.tgz",
      "integrity": "sha1-bMKyDFya1q0NzP0hynZz2Nf79o0="
    },
    "node_modules/@protobufjs/pool": {
      "version": "1.1.0",
      "resolved": "https://registry.npmjs.org/@protobufjs/pool/-/pool-1.1.0.tgz",
      "integrity": "sha1-Cf0V8tbTq/qbZbw2ZQbWrXhG/1Q="
    },
    "node_modules/@protobufjs/utf8": {
      "version": "1.1.0",
      "resolved": "https://registry.npmjs.org/@protobufjs/utf8/-/utf8-1.1.0.tgz",
      "integrity": "sha1-p3c2C1s5oaLlEG+OhY8v0tBgxXA="
    },
    "node_modules/@types/google-protobuf": {
      "version": "3.15.6",
      "resolved": "https://registry.npmjs.org/@types/google-protobuf/-/google-protobuf-3.15.6.tgz",
      "integrity": "sha512-pYVNNJ+winC4aek+lZp93sIKxnXt5qMkuKmaqS3WGuTq0Bw1ZDYNBgzG5kkdtwcv+GmYJGo3yEg6z2cKKAiEdw=="
    },
    "node_modules/@types/long": {
      "version": "4.0.1",
      "resolved": "https://registry.npmjs.org/@types/long/-/long-4.0.1.tgz",
      "integrity": "sha512-5tXH6Bx/kNGd3MgffdmP4dy2Z+G4eaXw0SE81Tq3BNadtnMR5/ySMzX4SLEzHJzSmPNn4HIdpQsBvXMUykr58w=="
    },
    "node_modules/@types/node": {
      "version": "18.0.6",
      "resolved": "https://registry.npmjs.org/@types/node/-/node-18.0.6.tgz",
      "integrity": "sha512-/xUq6H2aQm261exT6iZTMifUySEt4GR5KX8eYyY+C4MSNPqSh9oNIP7tz2GLKTlFaiBbgZNxffoR3CVRG+cljw=="
    },
    "node_modules/ansi-regex": {
      "version": "5.0.1",
      "resolved": "https://registry.npmjs.org/ansi-regex/-/ansi-regex-5.0.1.tgz",
      "integrity": "sha512-quJQXlTSUGL2LH9SUXo8VwsY4soanhgo6LNSm84E1LBcE8s3O0wpdiRzyR9z/ZZJMlMWv37qOOb9pdJlMUEKFQ==",
      "engines": {
        "node": ">=8"
      }
    },
    "node_modules/ansi-styles": {
      "version": "4.3.0",
      "resolved": "https://registry.npmjs.org/ansi-styles/-/ansi-styles-4.3.0.tgz",
      "integrity": "sha512-zbB9rCJAT1rbjiVDb2hqKFHNYLxgtk8NURxZ3IZwD3F6NtxbXZQCnnSi1Lkx+IDohdPlFp222wVALIheZJQSEg==",
      "dependencies": {
        "color-convert": "^2.0.1"
      },
      "engines": {
        "node": ">=8"
      },
      "funding": {
        "url": "https://github.com/chalk/ansi-styles?sponsor=1"
      }
    },
    "node_modules/browser-headers": {
      "version": "0.4.1",
      "resolved": "https://registry.npmjs.org/browser-headers/-/browser-headers-0.4.1.tgz",
      "integrity": "sha512-CA9hsySZVo9371qEHjHZtYxV2cFtVj5Wj/ZHi8ooEsrtm4vOnl9Y9HmyYWk9q+05d7K3rdoAE0j3MVEFVvtQtg=="
    },
    "node_modules/cliui": {
      "version": "7.0.4",
      "resolved": "https://registry.npmjs.org/cliui/-/cliui-7.0.4.tgz",
      "integrity": "sha512-OcRE68cOsVMXp1Yvonl/fzkQOyjLSu/8bhPDfQt0e0/Eb283TKP20Fs2MqoPsr9SwA595rRCA+QMzYc9nBP+JQ==",
      "dependencies": {
        "string-width": "^4.2.0",
        "strip-ansi": "^6.0.0",
        "wrap-ansi": "^7.0.0"
      }
    },
    "node_modules/color-convert": {
      "version": "2.0.1",
      "resolved": "https://registry.npmjs.org/color-convert/-/color-convert-2.0.1.tgz",
      "integrity": "sha512-RRECPsj7iu/xb5oKYcsFHSppFNnsj/52OVTRKb4zP5onXwVF3zVmmToNcOfGC+CRDpfK/U584fMg38ZHCaElKQ==",
      "dependencies": {
        "color-name": "~1.1.4"
      },
      "engines": {
        "node": ">=7.0.0"
      }
    },
    "node_modules/color-name": {
      "version": "1.1.4",
      "resolved": "https://registry.npmjs.org/color-name/-/color-name-1.1.4.tgz",
      "integrity": "sha512-dOy+3AuW3a2wNbZHIuMZpTcgjGuLU/uBL/ubcZF9OXbDo8ff4O8yVp5Bf0efS8uEoYo5q4Fx7dY9OgQGXgAsQA=="
    },
    "node_modules/emoji-regex": {
      "version": "8.0.0",
      "resolved": "https://registry.npmjs.org/emoji-regex/-/emoji-regex-8.0.0.tgz",
      "integrity": "sha512-MSjYzcWNOA0ewAHpz0MxpYFvwg6yjy1NG3xteoqz644VCo/RPgnr1/GGt+ic3iJTzQ8Eu3TdM14SawnVUmGE6A=="
    },
    "node_modules/escalade": {
      "version": "3.1.1",
      "resolved": "https://registry.npmjs.org/escalade/-/escalade-3.1.1.tgz",
      "integrity": "sha512-k0er2gUkLf8O0zKJiAhmkTnJlTvINGv7ygDNPbeIsX/TJjGJZHuh9B2UxbsaEkmlEo9MfhrSzmhIlhRlI2GXnw==",
      "engines": {
        "node": ">=6"
      }
    },
    "node_modules/get-caller-file": {
      "version": "2.0.5",
      "resolved": "https://registry.npmjs.org/get-caller-file/-/get-caller-file-2.0.5.tgz",
      "integrity": "sha512-DyFP3BM/3YHTQOCUL/w0OZHR0lpKeGrxotcHWcqNEdnltqFwXVfhEBQ94eIo34AfQpo0rGki4cyIiftY06h2Fg==",
      "engines": {
        "node": "6.* || 8.* || >= 10.*"
      }
    },
    "node_modules/google-protobuf": {
      "version": "3.20.1",
      "resolved": "https://registry.npmjs.org/google-protobuf/-/google-protobuf-3.20.1.tgz",
      "integrity": "sha512-XMf1+O32FjYIV3CYu6Tuh5PNbfNEU5Xu22X+Xkdb/DUexFlCzhvv7d5Iirm4AOwn8lv4al1YvIhzGrg2j9Zfzw=="
    },
    "node_modules/is-fullwidth-code-point": {
      "version": "3.0.0",
      "resolved": "https://registry.npmjs.org/is-fullwidth-code-point/-/is-fullwidth-code-point-3.0.0.tgz",
      "integrity": "sha512-zymm5+u+sCsSWyD9qNaejV3DFvhCKclKdizYaJUuHA83RLjb7nSuGnddCHGv0hk+KY7BMAlsWeK4Ueg6EV6XQg==",
      "engines": {
        "node": ">=8"
      }
    },
    "node_modules/lodash.camelcase": {
      "version": "4.3.0",
      "resolved": "https://registry.npmjs.org/lodash.camelcase/-/lodash.camelcase-4.3.0.tgz",
      "integrity": "sha512-TwuEnCnxbc3rAvhf/LbG7tJUDzhqXyFnv3dtzLOPgCG/hODL7WFnsbwktkD7yUV0RrreP/l1PALq/YSg6VvjlA=="
    },
    "node_modules/long": {
      "version": "4.0.0",
      "resolved": "https://registry.npmjs.org/long/-/long-4.0.0.tgz",
      "integrity": "sha512-XsP+KhQif4bjX1kbuSiySJFNAehNxgLb6hPRGJ9QsUr8ajHkuXGdrHmFUTUUXhDwVX2R5bY4JNZEwbUiMhV+MA=="
    },
    "node_modules/protobufjs": {
      "version": "6.11.3",
      "resolved": "https://registry.npmjs.org/protobufjs/-/protobufjs-6.11.3.tgz",
      "integrity": "sha512-xL96WDdCZYdU7Slin569tFX712BxsxslWwAfAhCYjQKGTq7dAU91Lomy6nLLhh/dyGhk/YH4TwTSRxTzhuHyZg==",
      "hasInstallScript": true,
      "dependencies": {
        "@protobufjs/aspromise": "^1.1.2",
        "@protobufjs/base64": "^1.1.2",
        "@protobufjs/codegen": "^2.0.4",
        "@protobufjs/eventemitter": "^1.1.0",
        "@protobufjs/fetch": "^1.1.0",
        "@protobufjs/float": "^1.0.2",
        "@protobufjs/inquire": "^1.1.0",
        "@protobufjs/path": "^1.1.2",
        "@protobufjs/pool": "^1.1.0",
        "@protobufjs/utf8": "^1.1.0",
        "@types/long": "^4.0.1",
        "@types/node": ">=13.7.0",
        "long": "^4.0.0"
      },
      "bin": {
        "pbjs": "bin/pbjs",
        "pbts": "bin/pbts"
      }
    },
    "node_modules/protoc-gen-ts": {
      "version": "0.8.5",
      "resolved": "https://registry.npmjs.org/protoc-gen-ts/-/protoc-gen-ts-0.8.5.tgz",
      "integrity": "sha512-LHZ+w/+DqmdgnhPtShgqtPtdv+hJ9bAXEIqNU0kkY2bPcCVIEWz5seOv20FCw6gbKorriTGP8xgz2RsIcrRvVw==",
      "bin": {
        "protoc-gen-ts": "bin/protoc-gen-ts.js"
      },
      "funding": {
        "type": "individual",
        "url": "https://www.buymeacoffee.com/thesayyn"
      },
      "peerDependencies": {
        "google-protobuf": "^3.13.0",
        "typescript": ">=4"
      }
    },
    "node_modules/require-directory": {
      "version": "2.1.1",
      "resolved": "https://registry.npmjs.org/require-directory/-/require-directory-2.1.1.tgz",
      "integrity": "sha512-fGxEI7+wsG9xrvdjsrlmL22OMTTiHRwAMroiEeMgq8gzoLC/PQr7RsRDSTLUg/bZAZtF+TVIkHc6/4RIKrui+Q==",
      "engines": {
        "node": ">=0.10.0"
      }
    },
    "node_modules/rxjs": {
      "version": "6.6.3",
      "resolved": "https://registry.npmjs.org/rxjs/-/rxjs-6.6.3.tgz",
      "integrity": "sha512-trsQc+xYYXZ3urjOiJOuCOa5N3jAZ3eiSpQB5hIT8zGlL2QfnHLJ2r7GMkBGuIausdJN1OneaI6gQlsqNHHmZQ==",
      "dependencies": {
        "tslib": "^1.9.0"
      },
      "engines": {
        "npm": ">=2.0.0"
      }
    },
    "node_modules/sliver-script": {
      "version": "1.2.5",
      "resolved": "https://registry.npmjs.org/sliver-script/-/sliver-script-1.2.5.tgz",
      "integrity": "sha512-Z1W0RGJsZtGG5/EcvcOKjoIH9eIECa49UE+Y0R6A8LdJ605jOZ3Duaoq21n/YTkF2ZMABpjqKaCQSdVgJ4MTzA==",
      "dependencies": {
        "@grpc/grpc-js": "^1.5.5",
        "@improbable-eng/grpc-web": "^0.15.0",
        "@types/google-protobuf": "^3.15.5",
        "google-protobuf": "^3.19.4",
        "protobufjs": "^6.11.2",
        "protoc-gen-ts": "^0.8.2",
        "rxjs": "^6.5.5"
      }
    },
    "node_modules/string-width": {
      "version": "4.2.3",
      "resolved": "https://registry.npmjs.org/string-width/-/string-width-4.2.3.tgz",
      "integrity": "sha512-wKyQRQpjJ0sIp62ErSZdGsjMJWsap5oRNihHhu6G7JVO/9jIB6UyevL+tXuOqrng8j/cxKTWyWUwvSTriiZz/g==",
      "dependencies": {
        "emoji-regex": "^8.0.0",
        "is-fullwidth-code-point": "^3.0.0",
        "strip-ansi": "^6.0.1"
      },
      "engines": {
        "node": ">=8"
      }
    },
    "node_modules/strip-ansi": {
      "version": "6.0.1",
      "resolved": "https://registry.npmjs.org/strip-ansi/-/strip-ansi-6.0.1.tgz",
      "integrity": "sha512-Y38VPSHcqkFrCpFnQ9vuSXmquuv5oXOKpGeT6aGrr3o3Gc9AlVa6JBfUSOCnbxGGZF+/0ooI7KrPuUSztUdU5A==",
      "dependencies": {
        "ansi-regex": "^5.0.1"
      },
      "engines": {
        "node": ">=8"
      }
    },
    "node_modules/tslib": {
      "version": "1.14.1",
      "resolved": "https://registry.npmjs.org/tslib/-/tslib-1.14.1.tgz",
      "integrity": "sha512-Xni35NKzjgMrwevysHTCArtLDpPvye8zV/0E4EyYn43P7/7qvQwPh9BGkHewbMulVntbigmcT7rdX3BNo9wRJg=="
    },
    "node_modules/typescript": {
      "version": "4.7.4",
      "resolved": "https://registry.npmjs.org/typescript/-/typescript-4.7.4.tgz",
      "integrity": "sha512-C0WQT0gezHuw6AdY1M2jxUO83Rjf0HP7Sk1DtXj6j1EwkQNZrHAg2XPWlq62oqEhYvONq5pkC2Y9oPljWToLmQ==",
      "peer": true,
      "bin": {
        "tsc": "bin/tsc",
        "tsserver": "bin/tsserver"
      },
      "engines": {
        "node": ">=4.2.0"
      }
    },
    "node_modules/wrap-ansi": {
      "version": "7.0.0",
      "resolved": "https://registry.npmjs.org/wrap-ansi/-/wrap-ansi-7.0.0.tgz",
      "integrity": "sha512-YVGIj2kamLSTxw6NsZjoBxfSwsn0ycdesmc4p+Q21c5zPuZ1pl+NfxVdxPtdHvmNVOQ6XSYG4AUtyt/Fi7D16Q==",
      "dependencies": {
        "ansi-styles": "^4.0.0",
        "string-width": "^4.1.0",
        "strip-ansi": "^6.0.0"
      },
      "engines": {
        "node": ">=10"
      },
      "funding": {
        "url": "https://github.com/chalk/wrap-ansi?sponsor=1"
      }
    },
    "node_modules/y18n": {
      "version": "5.0.8",
      "resolved": "https://registry.npmjs.org/y18n/-/y18n-5.0.8.tgz",
      "integrity": "sha512-0pfFzegeDWJHJIAmTLRP2DwHjdF5s7jo9tuztdQxAhINCdvS+3nGINqPd00AphqJR/0LhANUS6/+7SCb98YOfA==",
      "engines": {
        "node": ">=10"
      }
    },
    "node_modules/yargs": {
      "version": "16.2.0",
      "resolved": "https://registry.npmjs.org/yargs/-/yargs-16.2.0.tgz",
      "integrity": "sha512-D1mvvtDG0L5ft/jGWkLpG1+m0eQxOfaBvTNELraWj22wSVUMWxZUvYgJYcKh6jGGIkJFhH4IZPQhR4TKpc8mBw==",
      "dependencies": {
        "cliui": "^7.0.2",
        "escalade": "^3.1.1",
        "get-caller-file": "^2.0.5",
        "require-directory": "^2.1.1",
        "string-width": "^4.2.0",
        "y18n": "^5.0.5",
        "yargs-parser": "^20.2.2"
      },
      "engines": {
        "node": ">=10"
      }
    },
    "node_modules/yargs-parser": {
      "version": "20.2.9",
      "resolved": "https://registry.npmjs.org/yargs-parser/-/yargs-parser-20.2.9.tgz",
      "integrity": "sha512-y11nGElTIV+CT3Zv9t7VKl+Q3hTQoT9a1Qzezhhl6Rp21gJ/IVTW7Z3y9EWXhuUBC2Shnf+DX0antecpAwSP8w==",
      "engines": {
        "node": ">=10"
      }
    }
  },
  "dependencies": {
    "@grpc/grpc-js": {
      "version": "1.6.8",
      "resolved": "https://registry.npmjs.org/@grpc/grpc-js/-/grpc-js-1.6.8.tgz",
      "integrity": "sha512-Nt5tufF/O5Q310kP0cDzxznWMZW58GCTZhUUiAQ9B0K0ANKNQ4Lj/K9XK0vZg+UBKq5/7z7+8mXHHfrcwoeFJQ==",
      "requires": {
        "@grpc/proto-loader": "^0.7.0",
        "@types/node": ">=12.12.47"
      }
    },
    "@grpc/proto-loader": {
      "version": "0.7.0",
      "resolved": "https://registry.npmjs.org/@grpc/proto-loader/-/proto-loader-0.7.0.tgz",
      "integrity": "sha512-SGPZtVmqOvNfPFOA/nNPn+0Weqa5wubBgQ56+JgTbeLY2VezwtMjwPPFzh0kvQccwWT3a2TXT0ZGK/pJoOTk1A==",
      "requires": {
        "@types/long": "^4.0.1",
        "lodash.camelcase": "^4.3.0",
        "long": "^4.0.0",
        "protobufjs": "^7.0.0",
        "yargs": "^16.2.0"
      },
      "dependencies": {
        "protobufjs": {
          "version": "7.0.0",
          "resolved": "https://registry.npmjs.org/protobufjs/-/protobufjs-7.0.0.tgz",
          "integrity": "sha512-ffNIEm+quOcYtQvHdW406v1NQmZSuqVklxsXk076BtuFnlYZfigLU+JOMrTD8TUOyqHYbRI/fSVNvgd25YeN3w==",
          "requires": {
            "@protobufjs/aspromise": "^1.1.2",
            "@protobufjs/base64": "^1.1.2",
            "@protobufjs/codegen": "^2.0.4",
            "@protobufjs/eventemitter": "^1.1.0",
            "@protobufjs/fetch": "^1.1.0",
            "@protobufjs/float": "^1.0.2",
            "@protobufjs/inquire": "^1.1.0",
            "@protobufjs/path": "^1.1.2",
            "@protobufjs/pool": "^1.1.0",
            "@protobufjs/utf8": "^1.1.0",
            "@types/long": "^4.0.1",
            "@types/node": ">=13.7.0",
            "long": "^5.0.0"
          },
          "dependencies": {
            "long": {
              "version": "5.2.0",
              "resolved": "https://registry.npmjs.org/long/-/long-5.2.0.tgz",
              "integrity": "sha512-9RTUNjK60eJbx3uz+TEGF7fUr29ZDxR5QzXcyDpeSfeH28S9ycINflOgOlppit5U+4kNTe83KQnMEerw7GmE8w=="
            }
          }
        }
      }
    },
    "@improbable-eng/grpc-web": {
      "version": "0.15.0",
      "resolved": "https://registry.npmjs.org/@improbable-eng/grpc-web/-/grpc-web-0.15.0.tgz",
      "integrity": "sha512-ERft9/0/8CmYalqOVnJnpdDry28q+j+nAlFFARdjyxXDJ+Mhgv9+F600QC8BR9ygOfrXRlAk6CvST2j+JCpQPg==",
      "requires": {
        "browser-headers": "^0.4.1"
      }
    },
    "@protobufjs/aspromise": {
      "version": "1.1.2",
      "resolved": "https://registry.npmjs.org/@protobufjs/aspromise/-/aspromise-1.1.2.tgz",
      "integrity": "sha1-m4sMxmPWaafY9vXQiToU00jzD78="
    },
    "@protobufjs/base64": {
      "version": "1.1.2",
      "resolved": "https://registry.npmjs.org/@protobufjs/base64/-/base64-1.1.2.tgz",
      "integrity": "sha512-AZkcAA5vnN/v4PDqKyMR5lx7hZttPDgClv83E//FMNhR2TMcLUhfRUBHCmSl0oi9zMgDDqRUJkSxO3wm85+XLg=="
    },
    "@protobufjs/codegen": {
      "version": "2.0.4",
      "resolved": "https://registry.npmjs.org/@protobufjs/codegen/-/codegen-2.0.4.tgz",
      "integrity": "sha512-YyFaikqM5sH0ziFZCN3xDC7zeGaB/d0IUb9CATugHWbd1FRFwWwt4ld4OYMPWu5a3Xe01mGAULCdqhMlPl29Jg=="
    },
    "@protobufjs/eventemitter": {
      "version": "1.1.0",
      "resolved": "https://registry.npmjs.org/@protobufjs/eventemitter/-/eventemitter-1.1.0.tgz",
      "integrity": "sha1-NVy8mLr61ZePntCV85diHx0Ga3A="
    },
    "@protobufjs/fetch": {
      "version": "1.1.0",
      "resolved": "https://registry.npmjs.org/@protobufjs/fetch/-/fetch-1.1.0.tgz",
      "integrity": "sha1-upn7WYYUr2VwDBYZ/wbUVLDYTEU=",
      "requires": {
        "@protobufjs/aspromise": "^1.1.1",
        "@protobufjs/inquire": "^1.1.0"
      }
    },
    "@protobufjs/float": {
      "version": "1.0.2",
      "resolved": "https://registry.npmjs.org/@protobufjs/float/-/float-1.0.2.tgz",
      "integrity": "sha1-Xp4avctz/Ap8uLKR33jIy9l7h9E="
    },
    "@protobufjs/inquire": {
      "version": "1.1.0",
      "resolved": "https://registry.npmjs.org/@protobufjs/inquire/-/inquire-1.1.0.tgz",
      "integrity": "sha1-/yAOPnzyQp4tyvwRQIKOjMY48Ik="
    },
    "@protobufjs/path": {
      "version": "1.1.2",
      "resolved": "https://registry.npmjs.org/@protobufjs/path/-/path-1.1.2.tgz",
      "integrity": "sha1-bMKyDFya1q0NzP0hynZz2Nf79o0="
    },
    "@protobufjs/pool": {
      "version": "1.1.0",
      "resolved": "https://registry.npmjs.org/@protobufjs/pool/-/pool-1.1.0.tgz",
      "integrity": "sha1-Cf0V8tbTq/qbZbw2ZQbWrXhG/1Q="
    },
    "@protobufjs/utf8": {
      "version": "1.1.0",
      "resolved": "https://registry.npmjs.org/@protobufjs/utf8/-/utf8-1.1.0.tgz",
      "integrity": "sha1-p3c2C1s5oaLlEG+OhY8v0tBgxXA="
    },
    "@types/google-protobuf": {
      "version": "3.15.6",
      "resolved": "https://registry.npmjs.org/@types/google-protobuf/-/google-protobuf-3.15.6.tgz",
      "integrity": "sha512-pYVNNJ+winC4aek+lZp93sIKxnXt5qMkuKmaqS3WGuTq0Bw1ZDYNBgzG5kkdtwcv+GmYJGo3yEg6z2cKKAiEdw=="
    },
    "@types/long": {
      "version": "4.0.1",
      "resolved": "https://registry.npmjs.org/@types/long/-/long-4.0.1.tgz",
      "integrity": "sha512-5tXH6Bx/kNGd3MgffdmP4dy2Z+G4eaXw0SE81Tq3BNadtnMR5/ySMzX4SLEzHJzSmPNn4HIdpQsBvXMUykr58w=="
    },
    "@types/node": {
      "version": "18.0.6",
      "resolved": "https://registry.npmjs.org/@types/node/-/node-18.0.6.tgz",
      "integrity": "sha512-/xUq6H2aQm261exT6iZTMifUySEt4GR5KX8eYyY+C4MSNPqSh9oNIP7tz2GLKTlFaiBbgZNxffoR3CVRG+cljw=="
    },
    "ansi-regex": {
      "version": "5.0.1",
      "resolved": "https://registry.npmjs.org/ansi-regex/-/ansi-regex-5.0.1.tgz",
      "integrity": "sha512-quJQXlTSUGL2LH9SUXo8VwsY4soanhgo6LNSm84E1LBcE8s3O0wpdiRzyR9z/ZZJMlMWv37qOOb9pdJlMUEKFQ=="
    },
    "ansi-styles": {
      "version": "4.3.0",
      "resolved": "https://registry.npmjs.org/ansi-styles/-/ansi-styles-4.3.0.tgz",
      "integrity": "sha512-zbB9rCJAT1rbjiVDb2hqKFHNYLxgtk8NURxZ3IZwD3F6NtxbXZQCnnSi1Lkx+IDohdPlFp222wVALIheZJQSEg==",
      "requires": {
        "color-convert": "^2.0.1"
      }
    },
    "browser-headers": {
      "version": "0.4.1",
      "resolved": "https://registry.npmjs.org/browser-headers/-/browser-headers-0.4.1.tgz",
      "integrity": "sha512-CA9hsySZVo9371qEHjHZtYxV2cFtVj5Wj/ZHi8ooEsrtm4vOnl9Y9HmyYWk9q+05d7K3rdoAE0j3MVEFVvtQtg=="
    },
    "cliui": {
      "version": "7.0.4",
      "resolved": "https://registry.npmjs.org/cliui/-/cliui-7.0.4.tgz",
      "integrity": "sha512-OcRE68cOsVMXp1Yvonl/fzkQOyjLSu/8bhPDfQt0e0/Eb283TKP20Fs2MqoPsr9SwA595rRCA+QMzYc9nBP+JQ==",
      "requires": {
        "string-width": "^4.2.0",
        "strip-ansi": "^6.0.0",
        "wrap-ansi": "^7.0.0"
      }
    },
    "color-convert": {
      "version": "2.0.1",
      "resolved": "https://registry.npmjs.org/color-convert/-/color-convert-2.0.1.tgz",
      "integrity": "sha512-RRECPsj7iu/xb5oKYcsFHSppFNnsj/52OVTRKb4zP5onXwVF3zVmmToNcOfGC+CRDpfK/U584fMg38ZHCaElKQ==",
      "requires": {
        "color-name": "~1.1.4"
      }
    },
    "color-name": {
      "version": "1.1.4",
      "resolved": "https://registry.npmjs.org/color-name/-/color-name-1.1.4.tgz",
      "integrity": "sha512-dOy+3AuW3a2wNbZHIuMZpTcgjGuLU/uBL/ubcZF9OXbDo8ff4O8yVp5Bf0efS8uEoYo5q4Fx7dY9OgQGXgAsQA=="
    },
    "emoji-regex": {
      "version": "8.0.0",
      "resolved": "https://registry.npmjs.org/emoji-regex/-/emoji-regex-8.0.0.tgz",
      "integrity": "sha512-MSjYzcWNOA0ewAHpz0MxpYFvwg6yjy1NG3xteoqz644VCo/RPgnr1/GGt+ic3iJTzQ8Eu3TdM14SawnVUmGE6A=="
    },
    "escalade": {
      "version": "3.1.1",
      "resolved": "https://registry.npmjs.org/escalade/-/escalade-3.1.1.tgz",
      "integrity": "sha512-k0er2gUkLf8O0zKJiAhmkTnJlTvINGv7ygDNPbeIsX/TJjGJZHuh9B2UxbsaEkmlEo9MfhrSzmhIlhRlI2GXnw=="
    },
    "get-caller-file": {
      "version": "2.0.5",
      "resolved": "https://registry.npmjs.org/get-caller-file/-/get-caller-file-2.0.5.tgz",
      "integrity": "sha512-DyFP3BM/3YHTQOCUL/w0OZHR0lpKeGrxotcHWcqNEdnltqFwXVfhEBQ94eIo34AfQpo0rGki4cyIiftY06h2Fg=="
    },
    "google-protobuf": {
      "version": "3.20.1",
      "resolved": "https://registry.npmjs.org/google-protobuf/-/google-protobuf-3.20.1.tgz",
      "integrity": "sha512-XMf1+O32FjYIV3CYu6Tuh5PNbfNEU5Xu22X+Xkdb/DUexFlCzhvv7d5Iirm4AOwn8lv4al1YvIhzGrg2j9Zfzw=="
    },
    "is-fullwidth-code-point": {
      "version": "3.0.0",
      "resolved": "https://registry.npmjs.org/is-fullwidth-code-point/-/is-fullwidth-code-point-3.0.0.tgz",
      "integrity": "sha512-zymm5+u+sCsSWyD9qNaejV3DFvhCKclKdizYaJUuHA83RLjb7nSuGnddCHGv0hk+KY7BMAlsWeK4Ueg6EV6XQg=="
    },
    "lodash.camelcase": {
      "version": "4.3.0",
      "resolved": "https://registry.npmjs.org/lodash.camelcase/-/lodash.camelcase-4.3.0.tgz",
      "integrity": "sha512-TwuEnCnxbc3rAvhf/LbG7tJUDzhqXyFnv3dtzLOPgCG/hODL7WFnsbwktkD7yUV0RrreP/l1PALq/YSg6VvjlA=="
    },
    "long": {
      "version": "4.0.0",
      "resolved": "https://registry.npmjs.org/long/-/long-4.0.0.tgz",
      "integrity": "sha512-XsP+KhQif4bjX1kbuSiySJFNAehNxgLb6hPRGJ9QsUr8ajHkuXGdrHmFUTUUXhDwVX2R5bY4JNZEwbUiMhV+MA=="
    },
    "protobufjs": {
      "version": "6.11.3",
      "resolved": "https://registry.npmjs.org/protobufjs/-/protobufjs-6.11.3.tgz",
      "integrity": "sha512-xL96WDdCZYdU7Slin569tFX712BxsxslWwAfAhCYjQKGTq7dAU91Lomy6nLLhh/dyGhk/YH4TwTSRxTzhuHyZg==",
      "requires": {
        "@protobufjs/aspromise": "^1.1.2",
        "@protobufjs/base64": "^1.1.2",
        "@protobufjs/codegen": "^2.0.4",
        "@protobufjs/eventemitter": "^1.1.0",
        "@protobufjs/fetch": "^1.1.0",
        "@protobufjs/float": "^1.0.2",
        "@protobufjs/inquire": "^1.1.0",
        "@protobufjs/path": "^1.1.2",
        "@protobufjs/pool": "^1.1.0",
        "@protobufjs/utf8": "^1.1.0",
        "@types/long": "^4.0.1",
        "@types/node": ">=13.7.0",
        "long": "^4.0.0"
      }
    },
    "protoc-gen-ts": {
      "version": "0.8.5",
      "resolved": "https://registry.npmjs.org/protoc-gen-ts/-/protoc-gen-ts-0.8.5.tgz",
      "integrity": "sha512-LHZ+w/+DqmdgnhPtShgqtPtdv+hJ9bAXEIqNU0kkY2bPcCVIEWz5seOv20FCw6gbKorriTGP8xgz2RsIcrRvVw==",
      "requires": {}
    },
    "require-directory": {
      "version": "2.1.1",
      "resolved": "https://registry.npmjs.org/require-directory/-/require-directory-2.1.1.tgz",
      "integrity": "sha512-fGxEI7+wsG9xrvdjsrlmL22OMTTiHRwAMroiEeMgq8gzoLC/PQr7RsRDSTLUg/bZAZtF+TVIkHc6/4RIKrui+Q=="
    },
    "rxjs": {
      "version": "6.6.3",
      "resolved": "https://registry.npmjs.org/rxjs/-/rxjs-6.6.3.tgz",
      "integrity": "sha512-trsQc+xYYXZ3urjOiJOuCOa5N3jAZ3eiSpQB5hIT8zGlL2QfnHLJ2r7GMkBGuIausdJN1OneaI6gQlsqNHHmZQ==",
      "requires": {
        "tslib": "^1.9.0"
      }
    },
    "sliver-script": {
      "version": "1.2.5",
      "resolved": "https://registry.npmjs.org/sliver-script/-/sliver-script-1.2.5.tgz",
      "integrity": "sha512-Z1W0RGJsZtGG5/EcvcOKjoIH9eIECa49UE+Y0R6A8LdJ605jOZ3Duaoq21n/YTkF2ZMABpjqKaCQSdVgJ4MTzA==",
      "requires": {
        "@grpc/grpc-js": "^1.5.5",
        "@improbable-eng/grpc-web": "^0.15.0",
        "@types/google-protobuf": "^3.15.5",
        "google-protobuf": "^3.19.4",
        "protobufjs": "^6.11.2",
        "protoc-gen-ts": "^0.8.2",
        "rxjs": "^6.5.5"
      }
    },
    "string-width": {
      "version": "4.2.3",
      "resolved": "https://registry.npmjs.org/string-width/-/string-width-4.2.3.tgz",
      "integrity": "sha512-wKyQRQpjJ0sIp62ErSZdGsjMJWsap5oRNihHhu6G7JVO/9jIB6UyevL+tXuOqrng8j/cxKTWyWUwvSTriiZz/g==",
      "requires": {
        "emoji-regex": "^8.0.0",
        "is-fullwidth-code-point": "^3.0.0",
        "strip-ansi": "^6.0.1"
      }
    },
    "strip-ansi": {
      "version": "6.0.1",
      "resolved": "https://registry.npmjs.org/strip-ansi/-/strip-ansi-6.0.1.tgz",
      "integrity": "sha512-Y38VPSHcqkFrCpFnQ9vuSXmquuv5oXOKpGeT6aGrr3o3Gc9AlVa6JBfUSOCnbxGGZF+/0ooI7KrPuUSztUdU5A==",
      "requires": {
        "ansi-regex": "^5.0.1"
      }
    },
    "tslib": {
      "version": "1.14.1",
      "resolved": "https://registry.npmjs.org/tslib/-/tslib-1.14.1.tgz",
      "integrity": "sha512-Xni35NKzjgMrwevysHTCArtLDpPvye8zV/0E4EyYn43P7/7qvQwPh9BGkHewbMulVntbigmcT7rdX3BNo9wRJg=="
    },
    "typescript": {
      "version": "4.7.4",
      "resolved": "https://registry.npmjs.org/typescript/-/typescript-4.7.4.tgz",
      "integrity": "sha512-C0WQT0gezHuw6AdY1M2jxUO83Rjf0HP7Sk1DtXj6j1EwkQNZrHAg2XPWlq62oqEhYvONq5pkC2Y9oPljWToLmQ==",
      "peer": true
    },
    "wrap-ansi": {
      "version": "7.0.0",
      "resolved": "https://registry.npmjs.org/wrap-ansi/-/wrap-ansi-7.0.0.tgz",
      "integrity": "sha512-YVGIj2kamLSTxw6NsZjoBxfSwsn0ycdesmc4p+Q21c5zPuZ1pl+NfxVdxPtdHvmNVOQ6XSYG4AUtyt/Fi7D16Q==",
      "requires": {
        "ansi-styles": "^4.0.0",
        "string-width": "^4.1.0",
        "strip-ansi": "^6.0.0"
      }
    },
    "y18n": {
      "version": "5.0.8",
      "resolved": "https://registry.npmjs.org/y18n/-/y18n-5.0.8.tgz",
      "integrity": "sha512-0pfFzegeDWJHJIAmTLRP2DwHjdF5s7jo9tuztdQxAhINCdvS+3nGINqPd00AphqJR/0LhANUS6/+7SCb98YOfA=="
    },
    "yargs": {
      "version": "16.2.0",
      "resolved": "https://registry.npmjs.org/yargs/-/yargs-16.2.0.tgz",
      "integrity": "sha512-D1mvvtDG0L5ft/jGWkLpG1+m0eQxOfaBvTNELraWj22wSVUMWxZUvYgJYcKh6jGGIkJFhH4IZPQhR4TKpc8mBw==",
      "requires": {
        "cliui": "^7.0.2",
        "escalade": "^3.1.1",
        "get-caller-file": "^2.0.5",
        "require-directory": "^2.1.1",
        "string-width": "^4.2.0",
        "y18n": "^5.0.5",
        "yargs-parser": "^20.2.2"
      }
    },
    "yargs-parser": {
      "version": "20.2.9",
      "resolved": "https://registry.npmjs.org/yargs-parser/-/yargs-parser-20.2.9.tgz",
      "integrity": "sha512-y11nGElTIV+CT3Zv9t7VKl+Q3hTQoT9a1Qzezhhl6Rp21gJ/IVTW7Z3y9EWXhuUBC2Shnf+DX0antecpAwSP8w=="
    }
  }
}
